
Microsoft Visual Studio Solution File, Format Version 11.00
# Visual Studio 2010
Project("{FAE04EC0-301F-11D3-BF4B-00C04F79EFBC}") = "UserInterfaceTests", "UserInterfaceTests.csproj", "{07F55155-51A8-4072-9F80-FA473666F086}"
EndProject
Global
	GlobalSection(SolutionConfigurationPlatforms) = preSolution
		Debug|Any CPU = Debug|Any CPU
		Release|Any CPU = Release|Any CPU
	EndGlobalSection
	GlobalSection(ProjectConfigurationPlatforms) = postSolution
		{07F55155-51A8-4072-9F80-FA473666F086}.Debug|Any CPU.ActiveCfg = Debug|Any CPU
		{07F55155-51A8-4072-9F80-FA473666F086}.Debug|Any CPU.Build.0 = Debug|Any CPU
		{07F55155-51A8-4072-9F80-FA473666F086}.Release|Any CPU.ActiveCfg = Release|Any CPU
		{07F55155-51A8-4072-9F80-FA473666F086}.Release|Any CPU.Build.0 = Release|Any CPU
	EndGlobalSection
	GlobalSection(MonoDevelopProperties) = preSolution
		StartupItem = UserInterfaceTests.csproj
	EndGlobalSection
EndGlobal
